
Microsoft Visual Studio Solution File, Format Version 12.00
# Visual Studio Version 17
VisualStudioVersion = 17.12.35527.113
MinimumVisualStudioVersion = 10.0.40219.1
Project("{2150E333-8FDC-42A3-9474-1A3956D46DE8}") = "Microservices", "Microservices", "{0BA5C1D7-1026-40AF-A270-4A374DE1D016}"
EndProject
Project("{2150E333-8FDC-42A3-9474-1A3956D46DE8}") = "Domain", "Domain", "{0A8ED55B-1CC0-409C-BD40-73D23404FC98}"
EndProject
Project("{2150E333-8FDC-42A3-9474-1A3956D46DE8}") = "Infrastructure", "Infrastructure", "{05D18507-7359-4CD2-B041-6E23B8290CA8}"
EndProject
Project("{2150E333-8FDC-42A3-9474-1A3956D46DE8}") = "Infra.Bus", "Infra.Bus", "{59C4A105-3695-4713-884E-164B7BC6E10B}"
EndProject
Project("{2150E333-8FDC-42A3-9474-1A3956D46DE8}") = "Infra.IoC", "Infra.IoC", "{BA2E2AB4-41F8-4E41-81E0-18AFE3D65AD4}"
EndProject
Project("{FAE04EC0-301F-11D3-BF4B-00C04F79EFBC}") = "MicroRabbit.Domain.Core", "MicroRabbit.Domain.Core\MicroRabbit.Domain.Core.csproj", "{01BE5A9C-05BF-4454-86E1-6FFE0DEE8694}"
EndProject
Global
	GlobalSection(SolutionConfigurationPlatforms) = preSolution
		Debug|Any CPU = Debug|Any CPU
		Release|Any CPU = Release|Any CPU
	EndGlobalSection
	GlobalSection(ProjectConfigurationPlatforms) = postSolution
		{01BE5A9C-05BF-4454-86E1-6FFE0DEE8694}.Debug|Any CPU.ActiveCfg = Debug|Any CPU
		{01BE5A9C-05BF-4454-86E1-6FFE0DEE8694}.Debug|Any CPU.Build.0 = Debug|Any CPU
		{01BE5A9C-05BF-4454-86E1-6FFE0DEE8694}.Release|Any CPU.ActiveCfg = Release|Any CPU
		{01BE5A9C-05BF-4454-86E1-6FFE0DEE8694}.Release|Any CPU.Build.0 = Release|Any CPU
	EndGlobalSection
	GlobalSection(SolutionProperties) = preSolution
		HideSolutionNode = FALSE
	EndGlobalSection
	GlobalSection(NestedProjects) = preSolution
		{01BE5A9C-05BF-4454-86E1-6FFE0DEE8694} = {0A8ED55B-1CC0-409C-BD40-73D23404FC98}
	EndGlobalSection
EndGlobal
